
Microsoft Visual Studio Solution File, Format Version 12.00
# Visual Studio Version 16
VisualStudioVersion = 16.0.30114.105
MinimumVisualStudioVersion = 15.0.26124.0
Project("{2150E333-8FDC-42A3-9474-1A3956D46DE8}") = "src", "src", "{D813998D-D8F7-4B69-A28E-BEB1DD36825F}"
EndProject
Project("{9A19103F-16F7-4668-BE54-9A1E7A4F7556}") = "Catalog.API", "src\Catalog.API\Catalog.API.csproj", "{2583F504-CF11-4C93-8D88-DB761C02B323}"
EndProject
Project("{9A19103F-16F7-4668-BE54-9A1E7A4F7556}") = "Catalog.Domain", "src\Catalog.Domain\Catalog.Domain.csproj", "{E92A9FBC-4845-44A3-BFF6-564D6E210925}"
EndProject
Project("{9A19103F-16F7-4668-BE54-9A1E7A4F7556}") = "Catalog.Infrastructure", "src\Catalog.Infrastructure\Catalog.Infrastructure.csproj", "{DD08DCB9-97BA-401E-A221-471D0CFEF355}"
EndProject
Project("{2150E333-8FDC-42A3-9474-1A3956D46DE8}") = "tests", "tests", "{EFFA14A9-B87C-43B3-888C-87A3FBA72119}"
EndProject
Project("{FAE04EC0-301F-11D3-BF4B-00C04F79EFBC}") = "Catalog.Infrastructure.Tests", "tests\Catalog.Infrastructure.Tests\Catalog.Infrastructure.Tests.csproj", "{F5319575-07E8-43A0-B2E0-9DDD1ACEED64}"
EndProject
Project("{FAE04EC0-301F-11D3-BF4B-00C04F79EFBC}") = "Catalog.Fixtures", "tests\Catalog.Fixtures\Catalog.Fixtures.csproj", "{7EB39BEA-4496-4E6E-A5C5-5A9382B477DD}"
EndProject
Project("{FAE04EC0-301F-11D3-BF4B-00C04F79EFBC}") = "Catalog.Domain.Tests", "tests\Catalog.Domain.Tests\Catalog.Domain.Tests.csproj", "{2CEC5048-F02A-4DDB-A874-CDCFA4F674FB}"
EndProject
Project("{FAE04EC0-301F-11D3-BF4B-00C04F79EFBC}") = "Catalog.API.Tests", "tests\Catalog.API.Tests\Catalog.API.Tests.csproj", "{F4919FC3-F33A-4A70-AD8A-EAC8BAB21E98}"
EndProject
Global
	GlobalSection(SolutionConfigurationPlatforms) = preSolution
		Debug|Any CPU = Debug|Any CPU
		Debug|x64 = Debug|x64
		Debug|x86 = Debug|x86
		Release|Any CPU = Release|Any CPU
		Release|x64 = Release|x64
		Release|x86 = Release|x86
	EndGlobalSection
	GlobalSection(ProjectConfigurationPlatforms) = postSolution
		{2583F504-CF11-4C93-8D88-DB761C02B323}.Debug|Any CPU.ActiveCfg = Debug|Any CPU
		{2583F504-CF11-4C93-8D88-DB761C02B323}.Debug|Any CPU.Build.0 = Debug|Any CPU
		{2583F504-CF11-4C93-8D88-DB761C02B323}.Debug|x64.ActiveCfg = Debug|Any CPU
		{2583F504-CF11-4C93-8D88-DB761C02B323}.Debug|x64.Build.0 = Debug|Any CPU
		{2583F504-CF11-4C93-8D88-DB761C02B323}.Debug|x86.ActiveCfg = Debug|Any CPU
		{2583F504-CF11-4C93-8D88-DB761C02B323}.Debug|x86.Build.0 = Debug|Any CPU
		{2583F504-CF11-4C93-8D88-DB761C02B323}.Release|Any CPU.ActiveCfg = Release|Any CPU
		{2583F504-CF11-4C93-8D88-DB761C02B323}.Release|Any CPU.Build.0 = Release|Any CPU
		{2583F504-CF11-4C93-8D88-DB761C02B323}.Release|x64.ActiveCfg = Release|Any CPU
		{2583F504-CF11-4C93-8D88-DB761C02B323}.Release|x64.Build.0 = Release|Any CPU
		{2583F504-CF11-4C93-8D88-DB761C02B323}.Release|x86.ActiveCfg = Release|Any CPU
		{2583F504-CF11-4C93-8D88-DB761C02B323}.Release|x86.Build.0 = Release|Any CPU
		{E92A9FBC-4845-44A3-BFF6-564D6E210925}.Debug|Any CPU.ActiveCfg = Debug|Any CPU
		{E92A9FBC-4845-44A3-BFF6-564D6E210925}.Debug|Any CPU.Build.0 = Debug|Any CPU
		{E92A9FBC-4845-44A3-BFF6-564D6E210925}.Debug|x64.ActiveCfg = Debug|Any CPU
		{E92A9FBC-4845-44A3-BFF6-564D6E210925}.Debug|x64.Build.0 = Debug|Any CPU
		{E92A9FBC-4845-44A3-BFF6-564D6E210925}.Debug|x86.ActiveCfg = Debug|Any CPU
		{E92A9FBC-4845-44A3-BFF6-564D6E210925}.Debug|x86.Build.0 = Debug|Any CPU
		{E92A9FBC-4845-44A3-BFF6-564D6E210925}.Release|Any CPU.ActiveCfg = Release|Any CPU
		{E92A9FBC-4845-44A3-BFF6-564D6E210925}.Release|Any CPU.Build.0 = Release|Any CPU
		{E92A9FBC-4845-44A3-BFF6-564D6E210925}.Release|x64.ActiveCfg = Release|Any CPU
		{E92A9FBC-4845-44A3-BFF6-564D6E210925}.Release|x64.Build.0 = Release|Any CPU
		{E92A9FBC-4845-44A3-BFF6-564D6E210925}.Release|x86.ActiveCfg = Release|Any CPU
		{E92A9FBC-4845-44A3-BFF6-564D6E210925}.Release|x86.Build.0 = Release|Any CPU
		{DD08DCB9-97BA-401E-A221-471D0CFEF355}.Debug|Any CPU.ActiveCfg = Debug|Any CPU
		{DD08DCB9-97BA-401E-A221-471D0CFEF355}.Debug|Any CPU.Build.0 = Debug|Any CPU
		{DD08DCB9-97BA-401E-A221-471D0CFEF355}.Debug|x64.ActiveCfg = Debug|Any CPU
		{DD08DCB9-97BA-401E-A221-471D0CFEF355}.Debug|x64.Build.0 = Debug|Any CPU
		{DD08DCB9-97BA-401E-A221-471D0CFEF355}.Debug|x86.ActiveCfg = Debug|Any CPU
		{DD08DCB9-97BA-401E-A221-471D0CFEF355}.Debug|x86.Build.0 = Debug|Any CPU
		{DD08DCB9-97BA-401E-A221-471D0CFEF355}.Release|Any CPU.ActiveCfg = Release|Any CPU
		{DD08DCB9-97BA-401E-A221-471D0CFEF355}.Release|Any CPU.Build.0 = Release|Any CPU
		{DD08DCB9-97BA-401E-A221-471D0CFEF355}.Release|x64.ActiveCfg = Release|Any CPU
		{DD08DCB9-97BA-401E-A221-471D0CFEF355}.Release|x64.Build.0 = Release|Any CPU
		{DD08DCB9-97BA-401E-A221-471D0CFEF355}.Release|x86.ActiveCfg = Release|Any CPU
		{DD08DCB9-97BA-401E-A221-471D0CFEF355}.Release|x86.Build.0 = Release|Any CPU
		{F5319575-07E8-43A0-B2E0-9DDD1ACEED64}.Debug|Any CPU.ActiveCfg = Debug|Any CPU
		{F5319575-07E8-43A0-B2E0-9DDD1ACEED64}.Debug|Any CPU.Build.0 = Debug|Any CPU
		{F5319575-07E8-43A0-B2E0-9DDD1ACEED64}.Debug|x64.ActiveCfg = Debug|Any CPU
		{F5319575-07E8-43A0-B2E0-9DDD1ACEED64}.Debug|x64.Build.0 = Debug|Any CPU
		{F5319575-07E8-43A0-B2E0-9DDD1ACEED64}.Debug|x86.ActiveCfg = Debug|Any CPU
		{F5319575-07E8-43A0-B2E0-9DDD1ACEED64}.Debug|x86.Build.0 = Debug|Any CPU
		{F5319575-07E8-43A0-B2E0-9DDD1ACEED64}.Release|Any CPU.ActiveCfg = Release|Any CPU
		{F5319575-07E8-43A0-B2E0-9DDD1ACEED64}.Release|Any CPU.Build.0 = Release|Any CPU
		{F5319575-07E8-43A0-B2E0-9DDD1ACEED64}.Release|x64.ActiveCfg = Release|Any CPU
		{F5319575-07E8-43A0-B2E0-9DDD1ACEED64}.Release|x64.Build.0 = Release|Any CPU
		{F5319575-07E8-43A0-B2E0-9DDD1ACEED64}.Release|x86.ActiveCfg = Release|Any CPU
		{F5319575-07E8-43A0-B2E0-9DDD1ACEED64}.Release|x86.Build.0 = Release|Any CPU
		{7EB39BEA-4496-4E6E-A5C5-5A9382B477DD}.Debug|Any CPU.ActiveCfg = Debug|Any CPU
		{7EB39BEA-4496-4E6E-A5C5-5A9382B477DD}.Debug|Any CPU.Build.0 = Debug|Any CPU
		{7EB39BEA-4496-4E6E-A5C5-5A9382B477DD}.Debug|x64.ActiveCfg = Debug|Any CPU
		{7EB39BEA-4496-4E6E-A5C5-5A9382B477DD}.Debug|x64.Build.0 = Debug|Any CPU
		{7EB39BEA-4496-4E6E-A5C5-5A9382B477DD}.Debug|x86.ActiveCfg = Debug|Any CPU
		{7EB39BEA-4496-4E6E-A5C5-5A9382B477DD}.Debug|x86.Build.0 = Debug|Any CPU
		{7EB39BEA-4496-4E6E-A5C5-5A9382B477DD}.Release|Any CPU.ActiveCfg = Release|Any CPU
		{7EB39BEA-4496-4E6E-A5C5-5A9382B477DD}.Release|Any CPU.Build.0 = Release|Any CPU
		{7EB39BEA-4496-4E6E-A5C5-5A9382B477DD}.Release|x64.ActiveCfg = Release|Any CPU
		{7EB39BEA-4496-4E6E-A5C5-5A9382B477DD}.Release|x64.Build.0 = Release|Any CPU
		{7EB39BEA-4496-4E6E-A5C5-5A9382B477DD}.Release|x86.ActiveCfg = Release|Any CPU
		{7EB39BEA-4496-4E6E-A5C5-5A9382B477DD}.Release|x86.Build.0 = Release|Any CPU
		{2CEC5048-F02A-4DDB-A874-CDCFA4F674FB}.Debug|Any CPU.ActiveCfg = Debug|Any CPU
		{2CEC5048-F02A-4DDB-A874-CDCFA4F674FB}.Debug|Any CPU.Build.0 = Debug|Any CPU
		{2CEC5048-F02A-4DDB-A874-CDCFA4F674FB}.Debug|x64.ActiveCfg = Debug|Any CPU
		{2CEC5048-F02A-4DDB-A874-CDCFA4F674FB}.Debug|x64.Build.0 = Debug|Any CPU
		{2CEC5048-F02A-4DDB-A874-CDCFA4F674FB}.Debug|x86.ActiveCfg = Debug|Any CPU
		{2CEC5048-F02A-4DDB-A874-CDCFA4F674FB}.Debug|x86.Build.0 = Debug|Any CPU
		{2CEC5048-F02A-4DDB-A874-CDCFA4F674FB}.Release|Any CPU.ActiveCfg = Release|Any CPU
		{2CEC5048-F02A-4DDB-A874-CDCFA4F674FB}.Release|Any CPU.Build.0 = Release|Any CPU
		{2CEC5048-F02A-4DDB-A874-CDCFA4F674FB}.Release|x64.ActiveCfg = Release|Any CPU
		{2CEC5048-F02A-4DDB-A874-CDCFA4F674FB}.Release|x64.Build.0 = Release|Any CPU
		{2CEC5048-F02A-4DDB-A874-CDCFA4F674FB}.Release|x86.ActiveCfg = Release|Any CPU
		{2CEC5048-F02A-4DDB-A874-CDCFA4F674FB}.Release|x86.Build.0 = Release|Any CPU
		{F4919FC3-F33A-4A70-AD8A-EAC8BAB21E98}.Debug|Any CPU.ActiveCfg = Debug|Any CPU
		{F4919FC3-F33A-4A70-AD8A-EAC8BAB21E98}.Debug|Any CPU.Build.0 = Debug|Any CPU
		{F4919FC3-F33A-4A70-AD8A-EAC8BAB21E98}.Debug|x64.ActiveCfg = Debug|Any CPU
		{F4919FC3-F33A-4A70-AD8A-EAC8BAB21E98}.Debug|x64.Build.0 = Debug|Any CPU
		{F4919FC3-F33A-4A70-AD8A-EAC8BAB21E98}.Debug|x86.ActiveCfg = Debug|Any CPU
		{F4919FC3-F33A-4A70-AD8A-EAC8BAB21E98}.Debug|x86.Build.0 = Debug|Any CPU
		{F4919FC3-F33A-4A70-AD8A-EAC8BAB21E98}.Release|Any CPU.ActiveCfg = Release|Any CPU
		{F4919FC3-F33A-4A70-AD8A-EAC8BAB21E98}.Release|Any CPU.Build.0 = Release|Any CPU
		{F4919FC3-F33A-4A70-AD8A-EAC8BAB21E98}.Release|x64.ActiveCfg = Release|Any CPU
		{F4919FC3-F33A-4A70-AD8A-EAC8BAB21E98}.Release|x64.Build.0 = Release|Any CPU
		{F4919FC3-F33A-4A70-AD8A-EAC8BAB21E98}.Release|x86.ActiveCfg = Release|Any CPU
		{F4919FC3-F33A-4A70-AD8A-EAC8BAB21E98}.Release|x86.Build.0 = Release|Any CPU
	EndGlobalSection
	GlobalSection(SolutionProperties) = preSolution
		HideSolutionNode = FALSE
	EndGlobalSection
	GlobalSection(NestedProjects) = preSolution
		{2583F504-CF11-4C93-8D88-DB761C02B323} = {D813998D-D8F7-4B69-A28E-BEB1DD36825F}
		{E92A9FBC-4845-44A3-BFF6-564D6E210925} = {D813998D-D8F7-4B69-A28E-BEB1DD36825F}
		{DD08DCB9-97BA-401E-A221-471D0CFEF355} = {D813998D-D8F7-4B69-A28E-BEB1DD36825F}
		{F5319575-07E8-43A0-B2E0-9DDD1ACEED64} = {EFFA14A9-B87C-43B3-888C-87A3FBA72119}
		{7EB39BEA-4496-4E6E-A5C5-5A9382B477DD} = {EFFA14A9-B87C-43B3-888C-87A3FBA72119}
		{2CEC5048-F02A-4DDB-A874-CDCFA4F674FB} = {EFFA14A9-B87C-43B3-888C-87A3FBA72119}
		{F4919FC3-F33A-4A70-AD8A-EAC8BAB21E98} = {EFFA14A9-B87C-43B3-888C-87A3FBA72119}
	EndGlobalSection
	GlobalSection(ExtensibilityGlobals) = postSolution
		SolutionGuid = {56832FA1-723F-47C9-B7B7-D89A8A7DEB08}
	EndGlobalSection
EndGlobal
